
Microsoft Visual Studio Solution File, Format Version 12.00
# Visual Studio Version 17
VisualStudioVersion = 17.7.34018.315
MinimumVisualStudioVersion = 10.0.40219.1
Project("{9A19103F-16F7-4668-BE54-9A1E7A4F7556}") = "Problema1_Algoritmo", "Problema1_Algoritmo\Problema1_Algoritmo.csproj", "{79DED92C-89C3-45FF-8A15-324AE69524A7}"
EndProject
Project("{9A19103F-16F7-4668-BE54-9A1E7A4F7556}") = "Problema2_Algoritmo", "Problema2_Algoritmo\Problema2_Algoritmo.csproj", "{EC4DD511-B1A8-41D3-9078-CC043B21C663}"
EndProject
Project("{9A19103F-16F7-4668-BE54-9A1E7A4F7556}") = "ApiRest.Problema2", "ApiRest.Problema2\ApiRest.Problema2.csproj", "{0DC95FAA-3A6B-445D-A0A3-8A9FEE17B3D3}"
EndProject
Project("{9A19103F-16F7-4668-BE54-9A1E7A4F7556}") = "ClientApi", "ClientApi\ClientApi.csproj", "{A969855A-B934-490F-A859-BEEA13E044DF}"
EndProject
Project("{FAE04EC0-301F-11D3-BF4B-00C04F79EFBC}") = "ApiRest.Problema2.Test", "ApiRest.Problema2.Test\ApiRest.Problema2.Test.csproj", "{315E5312-DE5F-4B46-B08A-03543EA2A1E8}"
EndProject
Global
	GlobalSection(SolutionConfigurationPlatforms) = preSolution
		Debug|Any CPU = Debug|Any CPU
		Release|Any CPU = Release|Any CPU
	EndGlobalSection
	GlobalSection(ProjectConfigurationPlatforms) = postSolution
		{79DED92C-89C3-45FF-8A15-324AE69524A7}.Debug|Any CPU.ActiveCfg = Debug|Any CPU
		{79DED92C-89C3-45FF-8A15-324AE69524A7}.Debug|Any CPU.Build.0 = Debug|Any CPU
		{79DED92C-89C3-45FF-8A15-324AE69524A7}.Release|Any CPU.ActiveCfg = Release|Any CPU
		{79DED92C-89C3-45FF-8A15-324AE69524A7}.Release|Any CPU.Build.0 = Release|Any CPU
		{EC4DD511-B1A8-41D3-9078-CC043B21C663}.Debug|Any CPU.ActiveCfg = Debug|Any CPU
		{EC4DD511-B1A8-41D3-9078-CC043B21C663}.Debug|Any CPU.Build.0 = Debug|Any CPU
		{EC4DD511-B1A8-41D3-9078-CC043B21C663}.Release|Any CPU.ActiveCfg = Release|Any CPU
		{EC4DD511-B1A8-41D3-9078-CC043B21C663}.Release|Any CPU.Build.0 = Release|Any CPU
		{0DC95FAA-3A6B-445D-A0A3-8A9FEE17B3D3}.Debug|Any CPU.ActiveCfg = Debug|Any CPU
		{0DC95FAA-3A6B-445D-A0A3-8A9FEE17B3D3}.Debug|Any CPU.Build.0 = Debug|Any CPU
		{0DC95FAA-3A6B-445D-A0A3-8A9FEE17B3D3}.Release|Any CPU.ActiveCfg = Release|Any CPU
		{0DC95FAA-3A6B-445D-A0A3-8A9FEE17B3D3}.Release|Any CPU.Build.0 = Release|Any CPU
		{A969855A-B934-490F-A859-BEEA13E044DF}.Debug|Any CPU.ActiveCfg = Debug|Any CPU
		{A969855A-B934-490F-A859-BEEA13E044DF}.Debug|Any CPU.Build.0 = Debug|Any CPU
		{A969855A-B934-490F-A859-BEEA13E044DF}.Release|Any CPU.ActiveCfg = Release|Any CPU
		{A969855A-B934-490F-A859-BEEA13E044DF}.Release|Any CPU.Build.0 = Release|Any CPU
		{315E5312-DE5F-4B46-B08A-03543EA2A1E8}.Debug|Any CPU.ActiveCfg = Debug|Any CPU
		{315E5312-DE5F-4B46-B08A-03543EA2A1E8}.Debug|Any CPU.Build.0 = Debug|Any CPU
		{315E5312-DE5F-4B46-B08A-03543EA2A1E8}.Release|Any CPU.ActiveCfg = Release|Any CPU
		{315E5312-DE5F-4B46-B08A-03543EA2A1E8}.Release|Any CPU.Build.0 = Release|Any CPU
	EndGlobalSection
	GlobalSection(SolutionProperties) = preSolution
		HideSolutionNode = FALSE
	EndGlobalSection
	GlobalSection(ExtensibilityGlobals) = postSolution
		SolutionGuid = {C9705F59-F278-4FD0-BA6D-54FC100D31A9}
	EndGlobalSection
EndGlobal
